// !$*UTF8*$!
{
	archiveVersion = 1;
	classes = {
	};
	objectVersion = 48;
	objects = {

/* Begin PBXBuildFile section */
		3D3AC06D21AE25D100CF0D14 /* UIImageColors.swift in Sources */ = {isa = PBXBuildFile; fileRef = 3D3AC06C21AE25D100CF0D14 /* UIImageColors.swift */; };
		3D4893E221A98F0C00FC5A47 /* AppDelegate.m in Sources */ = {isa = PBXBuildFile; fileRef = 3D4893E121A98F0C00FC5A47 /* AppDelegate.m */; };
		3D4893EA21A98F0C00FC5A47 /* Assets.xcassets in Resources */ = {isa = PBXBuildFile; fileRef = 3D4893E921A98F0C00FC5A47 /* Assets.xcassets */; };
		3D4893F021A98F0C00FC5A47 /* main.m in Sources */ = {isa = PBXBuildFile; fileRef = 3D4893EF21A98F0C00FC5A47 /* main.m */; };
		3D94957621ACBC9A00FD4174 /* MovieDescriptionViewController.m in Sources */ = {isa = PBXBuildFile; fileRef = 3D94957521ACBC9A00FD4174 /* MovieDescriptionViewController.m */; };
		3DABEEA921A99B2F00C6A423 /* Images.xcassets in Resources */ = {isa = PBXBuildFile; fileRef = 3DABEEA821A99B2F00C6A423 /* Images.xcassets */; };
		3DABEEAB21A9A4F000C6A423 /* ListOfMoviesViewController.m in Sources */ = {isa = PBXBuildFile; fileRef = 3DABEEAA21A9A4F000C6A423 /* ListOfMoviesViewController.m */; };
		3DABEEAD21A9B4F500C6A423 /* Default-568h@2x.png in Resources */ = {isa = PBXBuildFile; fileRef = 3DABEEAC21A9B4F500C6A423 /* Default-568h@2x.png */; };
		3DABEEB021AADB8400C6A423 /* MovieTableViewCell.m in Sources */ = {isa = PBXBuildFile; fileRef = 3DABEEAF21AADB8400C6A423 /* MovieTableViewCell.m */; };
		3DABEEB921AB5FD800C6A423 /* MoviesAPIConstants.m in Sources */ = {isa = PBXBuildFile; fileRef = 3DABEEB821AB5FD800C6A423 /* MoviesAPIConstants.m */; };
		3DABEEBC21AB62D900C6A423 /* MovieData.m in Sources */ = {isa = PBXBuildFile; fileRef = 3DABEEBB21AB62D900C6A423 /* MovieData.m */; };
		C32CFCCBC8411916ED9B0EFD /* libPods-Movies.a in Frameworks */ = {isa = PBXBuildFile; fileRef = C00DB77DC64D0C93367F6C34 /* libPods-Movies.a */; };
/* End PBXBuildFile section */

/* Begin PBXFileReference section */
		1893C26AD304D6E9979663C0 /* Pods-Movies.debug.xcconfig */ = {isa = PBXFileReference; includeInIndex = 1; lastKnownFileType = text.xcconfig; name = "Pods-Movies.debug.xcconfig"; path = "Pods/Target Support Files/Pods-Movies/Pods-Movies.debug.xcconfig"; sourceTree = "<group>"; };
		3D3AC06B21AE25D000CF0D14 /* Movies-Bridging-Header.h */ = {isa = PBXFileReference; lastKnownFileType = sourcecode.c.h; path = "Movies-Bridging-Header.h"; sourceTree = "<group>"; };
		3D3AC06C21AE25D100CF0D14 /* UIImageColors.swift */ = {isa = PBXFileReference; fileEncoding = 4; lastKnownFileType = sourcecode.swift; path = UIImageColors.swift; sourceTree = "<group>"; };
		3D4893DD21A98F0C00FC5A47 /* Movies.app */ = {isa = PBXFileReference; explicitFileType = wrapper.application; includeInIndex = 0; path = Movies.app; sourceTree = BUILT_PRODUCTS_DIR; };
		3D4893E021A98F0C00FC5A47 /* AppDelegate.h */ = {isa = PBXFileReference; lastKnownFileType = sourcecode.c.h; path = AppDelegate.h; sourceTree = "<group>"; };
		3D4893E121A98F0C00FC5A47 /* AppDelegate.m */ = {isa = PBXFileReference; lastKnownFileType = sourcecode.c.objc; path = AppDelegate.m; sourceTree = "<group>"; };
		3D4893E921A98F0C00FC5A47 /* Assets.xcassets */ = {isa = PBXFileReference; lastKnownFileType = folder.assetcatalog; path = Assets.xcassets; sourceTree = "<group>"; };
		3D4893EE21A98F0C00FC5A47 /* Info.plist */ = {isa = PBXFileReference; lastKnownFileType = text.plist.xml; path = Info.plist; sourceTree = "<group>"; };
		3D4893EF21A98F0C00FC5A47 /* main.m */ = {isa = PBXFileReference; lastKnownFileType = sourcecode.c.objc; path = main.m; sourceTree = "<group>"; };
		3D94957421ACBC9A00FD4174 /* MovieDescriptionViewController.h */ = {isa = PBXFileReference; lastKnownFileType = sourcecode.c.h; path = MovieDescriptionViewController.h; sourceTree = "<group>"; };
		3D94957521ACBC9A00FD4174 /* MovieDescriptionViewController.m */ = {isa = PBXFileReference; lastKnownFileType = sourcecode.c.objc; path = MovieDescriptionViewController.m; sourceTree = "<group>"; };
		3DABEEA321A98FAC00C6A423 /* ListOfMoviesViewController.h */ = {isa = PBXFileReference; lastKnownFileType = sourcecode.c.h; path = ListOfMoviesViewController.h; sourceTree = "<group>"; };
		3DABEEA821A99B2F00C6A423 /* Images.xcassets */ = {isa = PBXFileReference; lastKnownFileType = folder.assetcatalog; name = Images.xcassets; path = "../../../../OBJECTIVE C/MercadoLibre/gastonML/gastonML/Images.xcassets/Images.xcassets"; sourceTree = "<group>"; };
		3DABEEAA21A9A4F000C6A423 /* ListOfMoviesViewController.m */ = {isa = PBXFileReference; fileEncoding = 4; lastKnownFileType = sourcecode.c.objc; path = ListOfMoviesViewController.m; sourceTree = "<group>"; };
		3DABEEAC21A9B4F500C6A423 /* Default-568h@2x.png */ = {isa = PBXFileReference; lastKnownFileType = image.png; path = "Default-568h@2x.png"; sourceTree = "<group>"; };
		3DABEEAE21AADB8400C6A423 /* MovieTableViewCell.h */ = {isa = PBXFileReference; lastKnownFileType = sourcecode.c.h; path = MovieTableViewCell.h; sourceTree = "<group>"; };
		3DABEEAF21AADB8400C6A423 /* MovieTableViewCell.m */ = {isa = PBXFileReference; lastKnownFileType = sourcecode.c.objc; path = MovieTableViewCell.m; sourceTree = "<group>"; };
		3DABEEB721AB5FD800C6A423 /* MoviesAPIConstants.h */ = {isa = PBXFileReference; lastKnownFileType = sourcecode.c.h; path = MoviesAPIConstants.h; sourceTree = "<group>"; };
		3DABEEB821AB5FD800C6A423 /* MoviesAPIConstants.m */ = {isa = PBXFileReference; lastKnownFileType = sourcecode.c.objc; path = MoviesAPIConstants.m; sourceTree = "<group>"; };
		3DABEEBA21AB62D900C6A423 /* MovieData.h */ = {isa = PBXFileReference; lastKnownFileType = sourcecode.c.h; path = MovieData.h; sourceTree = "<group>"; };
		3DABEEBB21AB62D900C6A423 /* MovieData.m */ = {isa = PBXFileReference; lastKnownFileType = sourcecode.c.objc; path = MovieData.m; sourceTree = "<group>"; };
		C00DB77DC64D0C93367F6C34 /* libPods-Movies.a */ = {isa = PBXFileReference; explicitFileType = archive.ar; includeInIndex = 0; path = "libPods-Movies.a"; sourceTree = BUILT_PRODUCTS_DIR; };
		EA8AD1A35D31BE497F27A4C7 /* Pods-Movies.release.xcconfig */ = {isa = PBXFileReference; includeInIndex = 1; lastKnownFileType = text.xcconfig; name = "Pods-Movies.release.xcconfig"; path = "Pods/Target Support Files/Pods-Movies/Pods-Movies.release.xcconfig"; sourceTree = "<group>"; };
/* End PBXFileReference section */

/* Begin PBXFrameworksBuildPhase section */
		3D4893DA21A98F0C00FC5A47 /* Frameworks */ = {
			isa = PBXFrameworksBuildPhase;
			buildActionMask = 2147483647;
			files = (
				C32CFCCBC8411916ED9B0EFD /* libPods-Movies.a in Frameworks */,
			);
			runOnlyForDeploymentPostprocessing = 0;
		};
/* End PBXFrameworksBuildPhase section */

/* Begin PBXGroup section */
		0CD638A474975F11C40B3840 /* Pods */ = {
			isa = PBXGroup;
			children = (
				1893C26AD304D6E9979663C0 /* Pods-Movies.debug.xcconfig */,
				EA8AD1A35D31BE497F27A4C7 /* Pods-Movies.release.xcconfig */,
			);
			name = Pods;
			sourceTree = "<group>";
		};
		300C877027D7CDF5AC2C07C9 /* Frameworks */ = {
			isa = PBXGroup;
			children = (
				C00DB77DC64D0C93367F6C34 /* libPods-Movies.a */,
			);
			name = Frameworks;
			sourceTree = "<group>";
		};
		3D4893D421A98F0C00FC5A47 = {
			isa = PBXGroup;
			children = (
				3D4893DF21A98F0C00FC5A47 /* Movies */,
				3D4893DE21A98F0C00FC5A47 /* Products */,
				3DABEEA721A99AFC00C6A423 /* supporting Files */,
				0CD638A474975F11C40B3840 /* Pods */,
				300C877027D7CDF5AC2C07C9 /* Frameworks */,
			);
			sourceTree = "<group>";
		};
		3D4893DE21A98F0C00FC5A47 /* Products */ = {
			isa = PBXGroup;
			children = (
				3D4893DD21A98F0C00FC5A47 /* Movies.app */,
			);
			name = Products;
			sourceTree = "<group>";
		};
		3D4893DF21A98F0C00FC5A47 /* Movies */ = {
			isa = PBXGroup;
			children = (
				3D3AC06C21AE25D100CF0D14 /* UIImageColors.swift */,
				3D4893E021A98F0C00FC5A47 /* AppDelegate.h */,
				3D4893E121A98F0C00FC5A47 /* AppDelegate.m */,
				3DABEEB321AB58D100C6A423 /* Controller */,
				3DABEEB421AB58D900C6A423 /* Constants */,
				3DABEEB221AB58CC00C6A423 /* View */,
				3DABEEB121AB58C100C6A423 /* Model */,
				3D4893EE21A98F0C00FC5A47 /* Info.plist */,
				3D4893EF21A98F0C00FC5A47 /* main.m */,
				3D3AC06B21AE25D000CF0D14 /* Movies-Bridging-Header.h */,
			);
			path = Movies;
			sourceTree = "<group>";
		};
		3DABEEA721A99AFC00C6A423 /* supporting Files */ = {
			isa = PBXGroup;
			children = (
				3DABEEAC21A9B4F500C6A423 /* Default-568h@2x.png */,
				3D4893E921A98F0C00FC5A47 /* Assets.xcassets */,
				3DABEEA821A99B2F00C6A423 /* Images.xcassets */,
			);
			name = "supporting Files";
			path = Movies;
			sourceTree = "<group>";
		};
		3DABEEB121AB58C100C6A423 /* Model */ = {
			isa = PBXGroup;
			children = (
				3DABEEBA21AB62D900C6A423 /* MovieData.h */,
				3DABEEBB21AB62D900C6A423 /* MovieData.m */,
			);
			path = Model;
			sourceTree = "<group>";
		};
		3DABEEB221AB58CC00C6A423 /* View */ = {
			isa = PBXGroup;
			children = (
				3DABEEAE21AADB8400C6A423 /* MovieTableViewCell.h */,
				3DABEEAF21AADB8400C6A423 /* MovieTableViewCell.m */,
			);
			path = View;
			sourceTree = "<group>";
		};
		3DABEEB321AB58D100C6A423 /* Controller */ = {
			isa = PBXGroup;
			children = (
				3DABEEA321A98FAC00C6A423 /* ListOfMoviesViewController.h */,
				3DABEEAA21A9A4F000C6A423 /* ListOfMoviesViewController.m */,
				3D94957421ACBC9A00FD4174 /* MovieDescriptionViewController.h */,
				3D94957521ACBC9A00FD4174 /* MovieDescriptionViewController.m */,
			);
			path = Controller;
			sourceTree = "<group>";
		};
		3DABEEB421AB58D900C6A423 /* Constants */ = {
			isa = PBXGroup;
			children = (
				3DABEEB721AB5FD800C6A423 /* MoviesAPIConstants.h */,
				3DABEEB821AB5FD800C6A423 /* MoviesAPIConstants.m */,
			);
			path = Constants;
			sourceTree = "<group>";
		};
/* End PBXGroup section */

/* Begin PBXNativeTarget section */
		3D4893DC21A98F0C00FC5A47 /* Movies */ = {
			isa = PBXNativeTarget;
			buildConfigurationList = 3D4893F321A98F0C00FC5A47 /* Build configuration list for PBXNativeTarget "Movies" */;
			buildPhases = (
				5B139BF662825A23845196C0 /* [CP] Check Pods Manifest.lock */,
				3D4893D921A98F0C00FC5A47 /* Sources */,
				3D4893DA21A98F0C00FC5A47 /* Frameworks */,
				3D4893DB21A98F0C00FC5A47 /* Resources */,
				FCCA53EA7189C05B7B41377A /* [CP] Embed Pods Frameworks */,
				A265943863335C65B7F53D72 /* [CP] Copy Pods Resources */,
			);
			buildRules = (
			);
			dependencies = (
			);
			name = Movies;
			productName = Movies;
			productReference = 3D4893DD21A98F0C00FC5A47 /* Movies.app */;
			productType = "com.apple.product-type.application";
		};
/* End PBXNativeTarget section */

/* Begin PBXProject section */
		3D4893D521A98F0C00FC5A47 /* Project object */ = {
			isa = PBXProject;
			attributes = {
				LastUpgradeCheck = 0920;
				ORGANIZATIONNAME = gaston;
				TargetAttributes = {
					3D4893DC21A98F0C00FC5A47 = {
						CreatedOnToolsVersion = 9.2;
						LastSwiftMigration = 0920;
						ProvisioningStyle = Automatic;
					};
				};
			};
			buildConfigurationList = 3D4893D821A98F0C00FC5A47 /* Build configuration list for PBXProject "Movies" */;
			compatibilityVersion = "Xcode 8.0";
			developmentRegion = en;
			hasScannedForEncodings = 0;
			knownRegions = (
				en,
				Base,
			);
			mainGroup = 3D4893D421A98F0C00FC5A47;
			productRefGroup = 3D4893DE21A98F0C00FC5A47 /* Products */;
			projectDirPath = "";
			projectRoot = "";
			targets = (
				3D4893DC21A98F0C00FC5A47 /* Movies */,
			);
		};
/* End PBXProject section */

/* Begin PBXResourcesBuildPhase section */
		3D4893DB21A98F0C00FC5A47 /* Resources */ = {
			isa = PBXResourcesBuildPhase;
			buildActionMask = 2147483647;
			files = (
				3DABEEA921A99B2F00C6A423 /* Images.xcassets in Resources */,
				3D4893EA21A98F0C00FC5A47 /* Assets.xcassets in Resources */,
				3DABEEAD21A9B4F500C6A423 /* Default-568h@2x.png in Resources */,
			);
			runOnlyForDeploymentPostprocessing = 0;
		};
/* End PBXResourcesBuildPhase section */

/* Begin PBXShellScriptBuildPhase section */
		5B139BF662825A23845196C0 /* [CP] Check Pods Manifest.lock */ = {
			isa = PBXShellScriptBuildPhase;
			buildActionMask = 2147483647;
			files = (
			);
			inputPaths = (
				"${PODS_PODFILE_DIR_PATH}/Podfile.lock",
				"${PODS_ROOT}/Manifest.lock",
			);
			name = "[CP] Check Pods Manifest.lock";
			outputPaths = (
				"$(DERIVED_FILE_DIR)/Pods-Movies-checkManifestLockResult.txt",
			);
			runOnlyForDeploymentPostprocessing = 0;
			shellPath = /bin/sh;
			shellScript = "diff \"${PODS_PODFILE_DIR_PATH}/Podfile.lock\" \"${PODS_ROOT}/Manifest.lock\" > /dev/null\nif [ $? != 0 ] ; then\n    # print error to STDERR\n    echo \"error: The sandbox is not in sync with the Podfile.lock. Run 'pod install' or update your CocoaPods installation.\" >&2\n    exit 1\nfi\n# This output is used by Xcode 'outputs' to avoid re-running this script phase.\necho \"SUCCESS\" > \"${SCRIPT_OUTPUT_FILE_0}\"\n";
			showEnvVarsInLog = 0;
		};
		A265943863335C65B7F53D72 /* [CP] Copy Pods Resources */ = {
			isa = PBXShellScriptBuildPhase;
			buildActionMask = 2147483647;
			files = (
			);
			inputPaths = (
			);
			name = "[CP] Copy Pods Resources";
			outputPaths = (
			);
			runOnlyForDeploymentPostprocessing = 0;
			shellPath = /bin/sh;
			shellScript = "\"${SRCROOT}/Pods/Target Support Files/Pods-Movies/Pods-Movies-resources.sh\"\n";
			showEnvVarsInLog = 0;
		};
		FCCA53EA7189C05B7B41377A /* [CP] Embed Pods Frameworks */ = {
			isa = PBXShellScriptBuildPhase;
			buildActionMask = 2147483647;
			files = (
			);
			inputPaths = (
				"${SRCROOT}/Pods/Target Support Files/Pods-Movies/Pods-Movies-frameworks.sh",
				"${BUILT_PRODUCTS_DIR}/AFNetworking/AFNetworking.framework",
				"${BUILT_PRODUCTS_DIR}/Masonry/Masonry.framework",
				"${BUILT_PRODUCTS_DIR}/UIImageColors/UIImageColors.framework",
			);
			name = "[CP] Embed Pods Frameworks";
			outputPaths = (
				"${TARGET_BUILD_DIR}/${FRAMEWORKS_FOLDER_PATH}/AFNetworking.framework",
				"${TARGET_BUILD_DIR}/${FRAMEWORKS_FOLDER_PATH}/Masonry.framework",
				"${TARGET_BUILD_DIR}/${FRAMEWORKS_FOLDER_PATH}/UIImageColors.framework",
			);
			runOnlyForDeploymentPostprocessing = 0;
			shellPath = /bin/sh;
			shellScript = "\"${SRCROOT}/Pods/Target Support Files/Pods-Movies/Pods-Movies-frameworks.sh\"\n";
			showEnvVarsInLog = 0;
		};
/* End PBXShellScriptBuildPhase section */

/* Begin PBXSourcesBuildPhase section */
		3D4893D921A98F0C00FC5A47 /* Sources */ = {
			isa = PBXSourcesBuildPhase;
			buildActionMask = 2147483647;
			files = (
				3D4893F021A98F0C00FC5A47 /* main.m in Sources */,
				3D3AC06D21AE25D100CF0D14 /* UIImageColors.swift in Sources */,
				3DABEEAB21A9A4F000C6A423 /* ListOfMoviesViewController.m in Sources */,
				3DABEEB021AADB8400C6A423 /* MovieTableViewCell.m in Sources */,
				3DABEEB921AB5FD800C6A423 /* MoviesAPIConstants.m in Sources */,
				3DABEEBC21AB62D900C6A423 /* MovieData.m in Sources */,
				3D4893E221A98F0C00FC5A47 /* AppDelegate.m in Sources */,
				3D94957621ACBC9A00FD4174 /* MovieDescriptionViewController.m in Sources */,
			);
			runOnlyForDeploymentPostprocessing = 0;
		};
/* End PBXSourcesBuildPhase section */

/* Begin XCBuildConfiguration section */
		3D4893F121A98F0C00FC5A47 /* Debug */ = {
			isa = XCBuildConfiguration;
			buildSettings = {
				ALWAYS_SEARCH_USER_PATHS = NO;
				CLANG_ANALYZER_NONNULL = YES;
				CLANG_ANALYZER_NUMBER_OBJECT_CONVERSION = YES_AGGRESSIVE;
				CLANG_CXX_LANGUAGE_STANDARD = "gnu++14";
				CLANG_CXX_LIBRARY = "libc++";
				CLANG_ENABLE_MODULES = YES;
				CLANG_ENABLE_OBJC_ARC = YES;
				CLANG_WARN_BLOCK_CAPTURE_AUTORELEASING = YES;
				CLANG_WARN_BOOL_CONVERSION = YES;
				CLANG_WARN_COMMA = YES;
				CLANG_WARN_CONSTANT_CONVERSION = YES;
				CLANG_WARN_DIRECT_OBJC_ISA_USAGE = YES_ERROR;
				CLANG_WARN_DOCUMENTATION_COMMENTS = YES;
				CLANG_WARN_EMPTY_BODY = YES;
				CLANG_WARN_ENUM_CONVERSION = YES;
				CLANG_WARN_INFINITE_RECURSION = YES;
				CLANG_WARN_INT_CONVERSION = YES;
				CLANG_WARN_NON_LITERAL_NULL_CONVERSION = YES;
				CLANG_WARN_OBJC_LITERAL_CONVERSION = YES;
				CLANG_WARN_OBJC_ROOT_CLASS = YES_ERROR;
				CLANG_WARN_RANGE_LOOP_ANALYSIS = YES;
				CLANG_WARN_STRICT_PROTOTYPES = YES;
				CLANG_WARN_SUSPICIOUS_MOVE = YES;
				CLANG_WARN_UNGUARDED_AVAILABILITY = YES_AGGRESSIVE;
				CLANG_WARN_UNREACHABLE_CODE = YES;
				CLANG_WARN__DUPLICATE_METHOD_MATCH = YES;
				CODE_SIGN_IDENTITY = "iPhone Developer";
				COPY_PHASE_STRIP = NO;
				DEBUG_INFORMATION_FORMAT = dwarf;
				ENABLE_STRICT_OBJC_MSGSEND = YES;
				ENABLE_TESTABILITY = YES;
				GCC_C_LANGUAGE_STANDARD = gnu11;
				GCC_DYNAMIC_NO_PIC = NO;
				GCC_NO_COMMON_BLOCKS = YES;
				GCC_OPTIMIZATION_LEVEL = 0;
				GCC_PREPROCESSOR_DEFINITIONS = (
					"DEBUG=1",
					"$(inherited)",
				);
				GCC_WARN_64_TO_32_BIT_CONVERSION = YES;
				GCC_WARN_ABOUT_RETURN_TYPE = YES_ERROR;
				GCC_WARN_UNDECLARED_SELECTOR = YES;
				GCC_WARN_UNINITIALIZED_AUTOS = YES_AGGRESSIVE;
				GCC_WARN_UNUSED_FUNCTION = YES;
				GCC_WARN_UNUSED_VARIABLE = YES;
				IPHONEOS_DEPLOYMENT_TARGET = 11.2;
				MTL_ENABLE_DEBUG_INFO = YES;
				ONLY_ACTIVE_ARCH = YES;
				SDKROOT = iphoneos;
			};
			name = Debug;
		};
		3D4893F221A98F0C00FC5A47 /* Release */ = {
			isa = XCBuildConfiguration;
			buildSettings = {
				ALWAYS_SEARCH_USER_PATHS = NO;
				CLANG_ANALYZER_NONNULL = YES;
				CLANG_ANALYZER_NUMBER_OBJECT_CONVERSION = YES_AGGRESSIVE;
				CLANG_CXX_LANGUAGE_STANDARD = "gnu++14";
				CLANG_CXX_LIBRARY = "libc++";
				CLANG_ENABLE_MODULES = YES;
				CLANG_ENABLE_OBJC_ARC = YES;
				CLANG_WARN_BLOCK_CAPTURE_AUTORELEASING = YES;
				CLANG_WARN_BOOL_CONVERSION = YES;
				CLANG_WARN_COMMA = YES;
				CLANG_WARN_CONSTANT_CONVERSION = YES;
				CLANG_WARN_DIRECT_OBJC_ISA_USAGE = YES_ERROR;
				CLANG_WARN_DOCUMENTATION_COMMENTS = YES;
				CLANG_WARN_EMPTY_BODY = YES;
				CLANG_WARN_ENUM_CONVERSION = YES;
				CLANG_WARN_INFINITE_RECURSION = YES;
				CLANG_WARN_INT_CONVERSION = YES;
				CLANG_WARN_NON_LITERAL_NULL_CONVERSION = YES;
				CLANG_WARN_OBJC_LITERAL_CONVERSION = YES;
				CLANG_WARN_OBJC_ROOT_CLASS = YES_ERROR;
				CLANG_WARN_RANGE_LOOP_ANALYSIS = YES;
				CLANG_WARN_STRICT_PROTOTYPES = YES;
				CLANG_WARN_SUSPICIOUS_MOVE = YES;
				CLANG_WARN_UNGUARDED_AVAILABILITY = YES_AGGRESSIVE;
				CLANG_WARN_UNREACHABLE_CODE = YES;
				CLANG_WARN__DUPLICATE_METHOD_MATCH = YES;
				CODE_SIGN_IDENTITY = "iPhone Developer";
				COPY_PHASE_STRIP = NO;
				DEBUG_INFORMATION_FORMAT = "dwarf-with-dsym";
				ENABLE_NS_ASSERTIONS = NO;
				ENABLE_STRICT_OBJC_MSGSEND = YES;
				GCC_C_LANGUAGE_STANDARD = gnu11;
				GCC_NO_COMMON_BLOCKS = YES;
				GCC_WARN_64_TO_32_BIT_CONVERSION = YES;
				GCC_WARN_ABOUT_RETURN_TYPE = YES_ERROR;
				GCC_WARN_UNDECLARED_SELECTOR = YES;
				GCC_WARN_UNINITIALIZED_AUTOS = YES_AGGRESSIVE;
				GCC_WARN_UNUSED_FUNCTION = YES;
				GCC_WARN_UNUSED_VARIABLE = YES;
				IPHONEOS_DEPLOYMENT_TARGET = 11.2;
				MTL_ENABLE_DEBUG_INFO = NO;
				SDKROOT = iphoneos;
				VALIDATE_PRODUCT = YES;
			};
			name = Release;
		};
		3D4893F421A98F0C00FC5A47 /* Debug */ = {
			isa = XCBuildConfiguration;
			baseConfigurationReference = 1893C26AD304D6E9979663C0 /* Pods-Movies.debug.xcconfig */;
			buildSettings = {
				CLANG_ENABLE_MODULES = YES;
				CODE_SIGN_STYLE = Automatic;
				DEFINES_MODULE = YES;
				DEVELOPMENT_TEAM = 75ZZ6F8U6Z;
				INFOPLIST_FILE = Movies/Info.plist;
				IPHONEOS_DEPLOYMENT_TARGET = 11.2;
				LD_RUNPATH_SEARCH_PATHS = "$(inherited) @executable_path/Frameworks";
				PRODUCT_BUNDLE_IDENTIFIER = GG.Movies;
				PRODUCT_NAME = "$(TARGET_NAME)";
				SWIFT_OBJC_BRIDGING_HEADER = "Movies/Movies-Bridging-Header.h";
				SWIFT_OPTIMIZATION_LEVEL = "-Onone";
				SWIFT_VERSION = 3.0;
				TARGETED_DEVICE_FAMILY = 1;
			};
			name = Debug;
		};
		3D4893F521A98F0C00FC5A47 /* Release */ = {
			isa = XCBuildConfiguration;
			baseConfigurationReference = EA8AD1A35D31BE497F27A4C7 /* Pods-Movies.release.xcconfig */;
			buildSettings = {
				CLANG_ENABLE_MODULES = YES;
				CODE_SIGN_STYLE = Automatic;
				DEFINES_MODULE = YES;
				DEVELOPMENT_TEAM = 75ZZ6F8U6Z;
				INFOPLIST_FILE = Movies/Info.plist;
				IPHONEOS_DEPLOYMENT_TARGET = 11.2;
				LD_RUNPATH_SEARCH_PATHS = "$(inherited) @executable_path/Frameworks";
				PRODUCT_BUNDLE_IDENTIFIER = GG.Movies;
				PRODUCT_NAME = "$(TARGET_NAME)";
				SWIFT_OBJC_BRIDGING_HEADER = "Movies/Movies-Bridging-Header.h";
				SWIFT_VERSION = 3.0;
				TARGETED_DEVICE_FAMILY = 1;
			};
			name = Release;
		};
/* End XCBuildConfiguration section */

/* Begin XCConfigurationList section */
		3D4893D821A98F0C00FC5A47 /* Build configuration list for PBXProject "Movies" */ = {
			isa = XCConfigurationList;
			buildConfigurations = (
				3D4893F121A98F0C00FC5A47 /* Debug */,
				3D4893F221A98F0C00FC5A47 /* Release */,
			);
			defaultConfigurationIsVisible = 0;
			defaultConfigurationName = Release;
		};
		3D4893F321A98F0C00FC5A47 /* Build configuration list for PBXNativeTarget "Movies" */ = {
			isa = XCConfigurationList;
			buildConfigurations = (
				3D4893F421A98F0C00FC5A47 /* Debug */,
				3D4893F521A98F0C00FC5A47 /* Release */,
			);
			defaultConfigurationIsVisible = 0;
			defaultConfigurationName = Release;
		};
/* End XCConfigurationList section */
	};
	rootObject = 3D4893D521A98F0C00FC5A47 /* Project object */;
}
